// !$*UTF8*$!
{
	archiveVersion = 1;
	classes = {
	};
	objectVersion = 46;
	objects = {

/* Begin PBXBuildFile section */
		E90B5E1C185B648300FAE086 /* Foundation.framework in Frameworks */ = {isa = PBXBuildFile; fileRef = E90B5E1B185B648300FAE086 /* Foundation.framework */; };
		E90B5E1E185B648300FAE086 /* CoreGraphics.framework in Frameworks */ = {isa = PBXBuildFile; fileRef = E90B5E1D185B648300FAE086 /* CoreGraphics.framework */; };
		E90B5E20185B648300FAE086 /* UIKit.framework in Frameworks */ = {isa = PBXBuildFile; fileRef = E90B5E1F185B648300FAE086 /* UIKit.framework */; };
		E90B5E26185B648300FAE086 /* InfoPlist.strings in Resources */ = {isa = PBXBuildFile; fileRef = E90B5E24185B648300FAE086 /* InfoPlist.strings */; };
		E90B5E28185B648300FAE086 /* main.m in Sources */ = {isa = PBXBuildFile; fileRef = E90B5E27185B648300FAE086 /* main.m */; };
		E90B5E2C185B648300FAE086 /* AIAppDelegate.m in Sources */ = {isa = PBXBuildFile; fileRef = E90B5E2B185B648300FAE086 /* AIAppDelegate.m */; };
		E90B5E2F185B648300FAE086 /* Main_iPhone.storyboard in Resources */ = {isa = PBXBuildFile; fileRef = E90B5E2D185B648300FAE086 /* Main_iPhone.storyboard */; };
		E90B5E32185B648300FAE086 /* Main_iPad.storyboard in Resources */ = {isa = PBXBuildFile; fileRef = E90B5E30185B648300FAE086 /* Main_iPad.storyboard */; };
		E90B5E35185B648300FAE086 /* AIViewController.m in Sources */ = {isa = PBXBuildFile; fileRef = E90B5E34185B648300FAE086 /* AIViewController.m */; };
		E90B5E37185B648300FAE086 /* Images.xcassets in Resources */ = {isa = PBXBuildFile; fileRef = E90B5E36185B648300FAE086 /* Images.xcassets */; };
		E90B5E3E185B648300FAE086 /* XCTest.framework in Frameworks */ = {isa = PBXBuildFile; fileRef = E90B5E3D185B648300FAE086 /* XCTest.framework */; };
		E90B5E3F185B648300FAE086 /* Foundation.framework in Frameworks */ = {isa = PBXBuildFile; fileRef = E90B5E1B185B648300FAE086 /* Foundation.framework */; };
		E90B5E40185B648300FAE086 /* UIKit.framework in Frameworks */ = {isa = PBXBuildFile; fileRef = E90B5E1F185B648300FAE086 /* UIKit.framework */; };
		E90B5E48185B648300FAE086 /* InfoPlist.strings in Resources */ = {isa = PBXBuildFile; fileRef = E90B5E46185B648300FAE086 /* InfoPlist.strings */; };
		E90B5E4A185B648300FAE086 /* AICollectionViewWithDynamicsTests.m in Sources */ = {isa = PBXBuildFile; fileRef = E90B5E49185B648300FAE086 /* AICollectionViewWithDynamicsTests.m */; };
/* End PBXBuildFile section */

/* Begin PBXContainerItemProxy section */
		E90B5E41185B648300FAE086 /* PBXContainerItemProxy */ = {
			isa = PBXContainerItemProxy;
			containerPortal = E90B5E10185B648200FAE086 /* Project object */;
			proxyType = 1;
			remoteGlobalIDString = E90B5E17185B648300FAE086;
			remoteInfo = AICollectionViewWithDynamics;
		};
/* End PBXContainerItemProxy section */

/* Begin PBXFileReference section */
		E90B5E18185B648300FAE086 /* AICollectionViewWithDynamics.app */ = {isa = PBXFileReference; explicitFileType = wrapper.application; includeInIndex = 0; path = AICollectionViewWithDynamics.app; sourceTree = BUILT_PRODUCTS_DIR; };
		E90B5E1B185B648300FAE086 /* Foundation.framework */ = {isa = PBXFileReference; lastKnownFileType = wrapper.framework; name = Foundation.framework; path = System/Library/Frameworks/Foundation.framework; sourceTree = SDKROOT; };
		E90B5E1D185B648300FAE086 /* CoreGraphics.framework */ = {isa = PBXFileReference; lastKnownFileType = wrapper.framework; name = CoreGraphics.framework; path = System/Library/Frameworks/CoreGraphics.framework; sourceTree = SDKROOT; };
		E90B5E1F185B648300FAE086 /* UIKit.framework */ = {isa = PBXFileReference; lastKnownFileType = wrapper.framework; name = UIKit.framework; path = System/Library/Frameworks/UIKit.framework; sourceTree = SDKROOT; };
		E90B5E23185B648300FAE086 /* AICollectionViewWithDynamics-Info.plist */ = {isa = PBXFileReference; lastKnownFileType = text.plist.xml; path = "AICollectionViewWithDynamics-Info.plist"; sourceTree = "<group>"; };
		E90B5E25185B648300FAE086 /* en */ = {isa = PBXFileReference; lastKnownFileType = text.plist.strings; name = en; path = en.lproj/InfoPlist.strings; sourceTree = "<group>"; };
		E90B5E27185B648300FAE086 /* main.m */ = {isa = PBXFileReference; lastKnownFileType = sourcecode.c.objc; path = main.m; sourceTree = "<group>"; };
		E90B5E29185B648300FAE086 /* AICollectionViewWithDynamics-Prefix.pch */ = {isa = PBXFileReference; lastKnownFileType = sourcecode.c.h; path = "AICollectionViewWithDynamics-Prefix.pch"; sourceTree = "<group>"; };
		E90B5E2A185B648300FAE086 /* AIAppDelegate.h */ = {isa = PBXFileReference; lastKnownFileType = sourcecode.c.h; path = AIAppDelegate.h; sourceTree = "<group>"; };
		E90B5E2B185B648300FAE086 /* AIAppDelegate.m */ = {isa = PBXFileReference; lastKnownFileType = sourcecode.c.objc; path = AIAppDelegate.m; sourceTree = "<group>"; };
		E90B5E2E185B648300FAE086 /* Base */ = {isa = PBXFileReference; lastKnownFileType = file.storyboard; name = Base; path = Base.lproj/Main_iPhone.storyboard; sourceTree = "<group>"; };
		E90B5E31185B648300FAE086 /* Base */ = {isa = PBXFileReference; lastKnownFileType = file.storyboard; name = Base; path = Base.lproj/Main_iPad.storyboard; sourceTree = "<group>"; };
		E90B5E33185B648300FAE086 /* AIViewController.h */ = {isa = PBXFileReference; lastKnownFileType = sourcecode.c.h; path = AIViewController.h; sourceTree = "<group>"; };
		E90B5E34185B648300FAE086 /* AIViewController.m */ = {isa = PBXFileReference; lastKnownFileType = sourcecode.c.objc; path = AIViewController.m; sourceTree = "<group>"; };
		E90B5E36185B648300FAE086 /* Images.xcassets */ = {isa = PBXFileReference; lastKnownFileType = folder.assetcatalog; path = Images.xcassets; sourceTree = "<group>"; };
		E90B5E3C185B648300FAE086 /* AICollectionViewWithDynamicsTests.xctest */ = {isa = PBXFileReference; explicitFileType = wrapper.cfbundle; includeInIndex = 0; path = AICollectionViewWithDynamicsTests.xctest; sourceTree = BUILT_PRODUCTS_DIR; };
		E90B5E3D185B648300FAE086 /* XCTest.framework */ = {isa = PBXFileReference; lastKnownFileType = wrapper.framework; name = XCTest.framework; path = Library/Frameworks/XCTest.framework; sourceTree = DEVELOPER_DIR; };
		E90B5E45185B648300FAE086 /* AICollectionViewWithDynamicsTests-Info.plist */ = {isa = PBXFileReference; lastKnownFileType = text.plist.xml; path = "AICollectionViewWithDynamicsTests-Info.plist"; sourceTree = "<group>"; };
		E90B5E47185B648300FAE086 /* en */ = {isa = PBXFileReference; lastKnownFileType = text.plist.strings; name = en; path = en.lproj/InfoPlist.strings; sourceTree = "<group>"; };
		E90B5E49185B648300FAE086 /* AICollectionViewWithDynamicsTests.m */ = {isa = PBXFileReference; lastKnownFileType = sourcecode.c.objc; path = AICollectionViewWithDynamicsTests.m; sourceTree = "<group>"; };
/* End PBXFileReference section */

/* Begin PBXFrameworksBuildPhase section */
		E90B5E15185B648300FAE086 /* Frameworks */ = {
			isa = PBXFrameworksBuildPhase;
			buildActionMask = 2147483647;
			files = (
				E90B5E1E185B648300FAE086 /* CoreGraphics.framework in Frameworks */,
				E90B5E20185B648300FAE086 /* UIKit.framework in Frameworks */,
				E90B5E1C185B648300FAE086 /* Foundation.framework in Frameworks */,
			);
			runOnlyForDeploymentPostprocessing = 0;
		};
		E90B5E39185B648300FAE086 /* Frameworks */ = {
			isa = PBXFrameworksBuildPhase;
			buildActionMask = 2147483647;
			files = (
				E90B5E3E185B648300FAE086 /* XCTest.framework in Frameworks */,
				E90B5E40185B648300FAE086 /* UIKit.framework in Frameworks */,
				E90B5E3F185B648300FAE086 /* Foundation.framework in Frameworks */,
			);
			runOnlyForDeploymentPostprocessing = 0;
		};
/* End PBXFrameworksBuildPhase section */

/* Begin PBXGroup section */
		E90B5E0F185B648200FAE086 = {
			isa = PBXGroup;
			children = (
				E90B5E21185B648300FAE086 /* AICollectionViewWithDynamics */,
				E90B5E43185B648300FAE086 /* AICollectionViewWithDynamicsTests */,
				E90B5E1A185B648300FAE086 /* Frameworks */,
				E90B5E19185B648300FAE086 /* Products */,
			);
			sourceTree = "<group>";
		};
		E90B5E19185B648300FAE086 /* Products */ = {
			isa = PBXGroup;
			children = (
				E90B5E18185B648300FAE086 /* AICollectionViewWithDynamics.app */,
				E90B5E3C185B648300FAE086 /* AICollectionViewWithDynamicsTests.xctest */,
			);
			name = Products;
			sourceTree = "<group>";
		};
		E90B5E1A185B648300FAE086 /* Frameworks */ = {
			isa = PBXGroup;
			children = (
				E90B5E1B185B648300FAE086 /* Foundation.framework */,
				E90B5E1D185B648300FAE086 /* CoreGraphics.framework */,
				E90B5E1F185B648300FAE086 /* UIKit.framework */,
				E90B5E3D185B648300FAE086 /* XCTest.framework */,
			);
			name = Frameworks;
			sourceTree = "<group>";
		};
		E90B5E21185B648300FAE086 /* AICollectionViewWithDynamics */ = {
			isa = PBXGroup;
			children = (
				E90B5E2A185B648300FAE086 /* AIAppDelegate.h */,
				E90B5E2B185B648300FAE086 /* AIAppDelegate.m */,
				E90B5E2D185B648300FAE086 /* Main_iPhone.storyboard */,
				E90B5E30185B648300FAE086 /* Main_iPad.storyboard */,
				E90B5E33185B648300FAE086 /* AIViewController.h */,
				E90B5E34185B648300FAE086 /* AIViewController.m */,
				E90B5E36185B648300FAE086 /* Images.xcassets */,
				E90B5E22185B648300FAE086 /* Supporting Files */,
			);
			path = AICollectionViewWithDynamics;
			sourceTree = "<group>";
		};
		E90B5E22185B648300FAE086 /* Supporting Files */ = {
			isa = PBXGroup;
			children = (
				E90B5E23185B648300FAE086 /* AICollectionViewWithDynamics-Info.plist */,
				E90B5E24185B648300FAE086 /* InfoPlist.strings */,
				E90B5E27185B648300FAE086 /* main.m */,
				E90B5E29185B648300FAE086 /* AICollectionViewWithDynamics-Prefix.pch */,
			);
			name = "Supporting Files";
			sourceTree = "<group>";
		};
		E90B5E43185B648300FAE086 /* AICollectionViewWithDynamicsTests */ = {
			isa = PBXGroup;
			children = (
				E90B5E49185B648300FAE086 /* AICollectionViewWithDynamicsTests.m */,
				E90B5E44185B648300FAE086 /* Supporting Files */,
			);
			path = AICollectionViewWithDynamicsTests;
			sourceTree = "<group>";
		};
		E90B5E44185B648300FAE086 /* Supporting Files */ = {
			isa = PBXGroup;
			children = (
				E90B5E45185B648300FAE086 /* AICollectionViewWithDynamicsTests-Info.plist */,
				E90B5E46185B648300FAE086 /* InfoPlist.strings */,
			);
			name = "Supporting Files";
			sourceTree = "<group>";
		};
/* End PBXGroup section */

/* Begin PBXNativeTarget section */
		E90B5E17185B648300FAE086 /* AICollectionViewWithDynamics */ = {
			isa = PBXNativeTarget;
			buildConfigurationList = E90B5E4D185B648300FAE086 /* Build configuration list for PBXNativeTarget "AICollectionViewWithDynamics" */;
			buildPhases = (
				E90B5E14185B648300FAE086 /* Sources */,
				E90B5E15185B648300FAE086 /* Frameworks */,
				E90B5E16185B648300FAE086 /* Resources */,
			);
			buildRules = (
			);
			dependencies = (
			);
			name = AICollectionViewWithDynamics;
			productName = AICollectionViewWithDynamics;
			productReference = E90B5E18185B648300FAE086 /* AICollectionViewWithDynamics.app */;
			productType = "com.apple.product-type.application";
		};
		E90B5E3B185B648300FAE086 /* AICollectionViewWithDynamicsTests */ = {
			isa = PBXNativeTarget;
			buildConfigurationList = E90B5E50185B648300FAE086 /* Build configuration list for PBXNativeTarget "AICollectionViewWithDynamicsTests" */;
			buildPhases = (
				E90B5E38185B648300FAE086 /* Sources */,
				E90B5E39185B648300FAE086 /* Frameworks */,
				E90B5E3A185B648300FAE086 /* Resources */,
			);
			buildRules = (
			);
			dependencies = (
				E90B5E42185B648300FAE086 /* PBXTargetDependency */,
			);
			name = AICollectionViewWithDynamicsTests;
			productName = AICollectionViewWithDynamicsTests;
			productReference = E90B5E3C185B648300FAE086 /* AICollectionViewWithDynamicsTests.xctest */;
			productType = "com.apple.product-type.bundle.unit-test";
		};
/* End PBXNativeTarget section */

/* Begin PBXProject section */
		E90B5E10185B648200FAE086 /* Project object */ = {
			isa = PBXProject;
			attributes = {
				CLASSPREFIX = AI;
				LastUpgradeCheck = 0500;
				ORGANIZATIONNAME = akira108;
				TargetAttributes = {
					E90B5E3B185B648300FAE086 = {
						TestTargetID = E90B5E17185B648300FAE086;
					};
				};
			};
			buildConfigurationList = E90B5E13185B648200FAE086 /* Build configuration list for PBXProject "AICollectionViewWithDynamics" */;
			compatibilityVersion = "Xcode 3.2";
			developmentRegion = English;
			hasScannedForEncodings = 0;
			knownRegions = (
				en,
				Base,
			);
			mainGroup = E90B5E0F185B648200FAE086;
			productRefGroup = E90B5E19185B648300FAE086 /* Products */;
			projectDirPath = "";
			projectRoot = "";
			targets = (
				E90B5E17185B648300FAE086 /* AICollectionViewWithDynamics */,
				E90B5E3B185B648300FAE086 /* AICollectionViewWithDynamicsTests */,
			);
		};
/* End PBXProject section */

/* Begin PBXResourcesBuildPhase section */
		E90B5E16185B648300FAE086 /* Resources */ = {
			isa = PBXResourcesBuildPhase;
			buildActionMask = 2147483647;
			files = (
				E90B5E32185B648300FAE086 /* Main_iPad.storyboard in Resources */,
				E90B5E37185B648300FAE086 /* Images.xcassets in Resources */,
				E90B5E2F185B648300FAE086 /* Main_iPhone.storyboard in Resources */,
				E90B5E26185B648300FAE086 /* InfoPlist.strings in Resources */,
			);
			runOnlyForDeploymentPostprocessing = 0;
		};
		E90B5E3A185B648300FAE086 /* Resources */ = {
			isa = PBXResourcesBuildPhase;
			buildActionMask = 2147483647;
			files = (
				E90B5E48185B648300FAE086 /* InfoPlist.strings in Resources */,
			);
			runOnlyForDeploymentPostprocessing = 0;
		};
/* End PBXResourcesBuildPhase section */

/* Begin PBXSourcesBuildPhase section */
		E90B5E14185B648300FAE086 /* Sources */ = {
			isa = PBXSourcesBuildPhase;
			buildActionMask = 2147483647;
			files = (
				E90B5E2C185B648300FAE086 /* AIAppDelegate.m in Sources */,
				E90B5E35185B648300FAE086 /* AIViewController.m in Sources */,
				E90B5E28185B648300FAE086 /* main.m in Sources */,
			);
			runOnlyForDeploymentPostprocessing = 0;
		};
		E90B5E38185B648300FAE086 /* Sources */ = {
			isa = PBXSourcesBuildPhase;
			buildActionMask = 2147483647;
			files = (
				E90B5E4A185B648300FAE086 /* AICollectionViewWithDynamicsTests.m in Sources */,
			);
			runOnlyForDeploymentPostprocessing = 0;
		};
/* End PBXSourcesBuildPhase section */

/* Begin PBXTargetDependency section */
		E90B5E42185B648300FAE086 /* PBXTargetDependency */ = {
			isa = PBXTargetDependency;
			target = E90B5E17185B648300FAE086 /* AICollectionViewWithDynamics */;
			targetProxy = E90B5E41185B648300FAE086 /* PBXContainerItemProxy */;
		};
/* End PBXTargetDependency section */

/* Begin PBXVariantGroup section */
		E90B5E24185B648300FAE086 /* InfoPlist.strings */ = {
			isa = PBXVariantGroup;
			children = (
				E90B5E25185B648300FAE086 /* en */,
			);
			name = InfoPlist.strings;
			sourceTree = "<group>";
		};
		E90B5E2D185B648300FAE086 /* Main_iPhone.storyboard */ = {
			isa = PBXVariantGroup;
			children = (
				E90B5E2E185B648300FAE086 /* Base */,
			);
			name = Main_iPhone.storyboard;
			sourceTree = "<group>";
		};
		E90B5E30185B648300FAE086 /* Main_iPad.storyboard */ = {
			isa = PBXVariantGroup;
			children = (
				E90B5E31185B648300FAE086 /* Base */,
			);
			name = Main_iPad.storyboard;
			sourceTree = "<group>";
		};
		E90B5E46185B648300FAE086 /* InfoPlist.strings */ = {
			isa = PBXVariantGroup;
			children = (
				E90B5E47185B648300FAE086 /* en */,
			);
			name = InfoPlist.strings;
			sourceTree = "<group>";
		};
/* End PBXVariantGroup section */

/* Begin XCBuildConfiguration section */
		E90B5E4B185B648300FAE086 /* Debug */ = {
			isa = XCBuildConfiguration;
			buildSettings = {
				ALWAYS_SEARCH_USER_PATHS = NO;
				ARCHS = "$(ARCHS_STANDARD_INCLUDING_64_BIT)";
				CLANG_CXX_LANGUAGE_STANDARD = "gnu++0x";
				CLANG_CXX_LIBRARY = "libc++";
				CLANG_ENABLE_MODULES = YES;
				CLANG_ENABLE_OBJC_ARC = YES;
				CLANG_WARN_BOOL_CONVERSION = YES;
				CLANG_WARN_CONSTANT_CONVERSION = YES;
				CLANG_WARN_DIRECT_OBJC_ISA_USAGE = YES_ERROR;
				CLANG_WARN_EMPTY_BODY = YES;
				CLANG_WARN_ENUM_CONVERSION = YES;
				CLANG_WARN_INT_CONVERSION = YES;
				CLANG_WARN_OBJC_ROOT_CLASS = YES_ERROR;
				CLANG_WARN__DUPLICATE_METHOD_MATCH = YES;
				"CODE_SIGN_IDENTITY[sdk=iphoneos*]" = "iPhone Developer";
				COPY_PHASE_STRIP = NO;
				GCC_C_LANGUAGE_STANDARD = gnu99;
				GCC_DYNAMIC_NO_PIC = NO;
				GCC_OPTIMIZATION_LEVEL = 0;
				GCC_PREPROCESSOR_DEFINITIONS = (
					"DEBUG=1",
					"$(inherited)",
				);
				GCC_SYMBOLS_PRIVATE_EXTERN = NO;
				GCC_WARN_64_TO_32_BIT_CONVERSION = YES;
				GCC_WARN_ABOUT_RETURN_TYPE = YES_ERROR;
				GCC_WARN_UNDECLARED_SELECTOR = YES;
				GCC_WARN_UNINITIALIZED_AUTOS = YES;
				GCC_WARN_UNUSED_FUNCTION = YES;
				GCC_WARN_UNUSED_VARIABLE = YES;
				IPHONEOS_DEPLOYMENT_TARGET = 7.0;
				ONLY_ACTIVE_ARCH = YES;
				SDKROOT = iphoneos;
				TARGETED_DEVICE_FAMILY = "1,2";
			};
			name = Debug;
		};
		E90B5E4C185B648300FAE086 /* Release */ = {
			isa = XCBuildConfiguration;
			buildSettings = {
				ALWAYS_SEARCH_USER_PATHS = NO;
				ARCHS = "$(ARCHS_STANDARD_INCLUDING_64_BIT)";
				CLANG_CXX_LANGUAGE_STANDARD = "gnu++0x";
				CLANG_CXX_LIBRARY = "libc++";
				CLANG_ENABLE_MODULES = YES;
				CLANG_ENABLE_OBJC_ARC = YES;
				CLANG_WARN_BOOL_CONVERSION = YES;
				CLANG_WARN_CONSTANT_CONVERSION = YES;
				CLANG_WARN_DIRECT_OBJC_ISA_USAGE = YES_ERROR;
				CLANG_WARN_EMPTY_BODY = YES;
				CLANG_WARN_ENUM_CONVERSION = YES;
				CLANG_WARN_INT_CONVERSION = YES;
				CLANG_WARN_OBJC_ROOT_CLASS = YES_ERROR;
				CLANG_WARN__DUPLICATE_METHOD_MATCH = YES;
				"CODE_SIGN_IDENTITY[sdk=iphoneos*]" = "iPhone Developer";
				COPY_PHASE_STRIP = YES;
				ENABLE_NS_ASSERTIONS = NO;
				GCC_C_LANGUAGE_STANDARD = gnu99;
				GCC_WARN_64_TO_32_BIT_CONVERSION = YES;
				GCC_WARN_ABOUT_RETURN_TYPE = YES_ERROR;
				GCC_WARN_UNDECLARED_SELECTOR = YES;
				GCC_WARN_UNINITIALIZED_AUTOS = YES;
				GCC_WARN_UNUSED_FUNCTION = YES;
				GCC_WARN_UNUSED_VARIABLE = YES;
				IPHONEOS_DEPLOYMENT_TARGET = 7.0;
				SDKROOT = iphoneos;
				TARGETED_DEVICE_FAMILY = "1,2";
				VALIDATE_PRODUCT = YES;
			};
			name = Release;
		};
		E90B5E4E185B648300FAE086 /* Debug */ = {
			isa = XCBuildConfiguration;
			buildSettings = {
				ASSETCATALOG_COMPILER_APPICON_NAME = AppIcon;
				ASSETCATALOG_COMPILER_LAUNCHIMAGE_NAME = LaunchImage;
				GCC_PRECOMPILE_PREFIX_HEADER = YES;
				GCC_PREFIX_HEADER = "AICollectionViewWithDynamics/AICollectionViewWithDynamics-Prefix.pch";
				INFOPLIST_FILE = "AICollectionViewWithDynamics/AICollectionViewWithDynamics-Info.plist";
				PRODUCT_NAME = "$(TARGET_NAME)";
				WRAPPER_EXTENSION = app;
			};
			name = Debug;
		};
		E90B5E4F185B648300FAE086 /* Release */ = {
			isa = XCBuildConfiguration;
			buildSettings = {
				ASSETCATALOG_COMPILER_APPICON_NAME = AppIcon;
				ASSETCATALOG_COMPILER_LAUNCHIMAGE_NAME = LaunchImage;
				GCC_PRECOMPILE_PREFIX_HEADER = YES;
				GCC_PREFIX_HEADER = "AICollectionViewWithDynamics/AICollectionViewWithDynamics-Prefix.pch";
				INFOPLIST_FILE = "AICollectionViewWithDynamics/AICollectionViewWithDynamics-Info.plist";
				PRODUCT_NAME = "$(TARGET_NAME)";
				WRAPPER_EXTENSION = app;
			};
			name = Release;
		};
		E90B5E51185B648300FAE086 /* Debug */ = {
			isa = XCBuildConfiguration;
			buildSettings = {
				ARCHS = "$(ARCHS_STANDARD_INCLUDING_64_BIT)";
				BUNDLE_LOADER = "$(BUILT_PRODUCTS_DIR)/AICollectionViewWithDynamics.app/AICollectionViewWithDynamics";
				FRAMEWORK_SEARCH_PATHS = (
					"$(SDKROOT)/Developer/Library/Frameworks",
					"$(inherited)",
					"$(DEVELOPER_FRAMEWORKS_DIR)",
				);
				GCC_PRECOMPILE_PREFIX_HEADER = YES;
				GCC_PREFIX_HEADER = "AICollectionViewWithDynamics/AICollectionViewWithDynamics-Prefix.pch";
				GCC_PREPROCESSOR_DEFINITIONS = (
					"DEBUG=1",
					"$(inherited)",
				);
				INFOPLIST_FILE = "AICollectionViewWithDynamicsTests/AICollectionViewWithDynamicsTests-Info.plist";
				PRODUCT_NAME = "$(TARGET_NAME)";
				TEST_HOST = "$(BUNDLE_LOADER)";
				WRAPPER_EXTENSION = xctest;
			};
			name = Debug;
		};
		E90B5E52185B648300FAE086 /* Release */ = {
			isa = XCBuildConfiguration;
			buildSettings = {
				ARCHS = "$(ARCHS_STANDARD_INCLUDING_64_BIT)";
				BUNDLE_LOADER = "$(BUILT_PRODUCTS_DIR)/AICollectionViewWithDynamics.app/AICollectionViewWithDynamics";
				FRAMEWORK_SEARCH_PATHS = (
					"$(SDKROOT)/Developer/Library/Frameworks",
					"$(inherited)",
					"$(DEVELOPER_FRAMEWORKS_DIR)",
				);
				GCC_PRECOMPILE_PREFIX_HEADER = YES;
				GCC_PREFIX_HEADER = "AICollectionViewWithDynamics/AICollectionViewWithDynamics-Prefix.pch";
				INFOPLIST_FILE = "AICollectionViewWithDynamicsTests/AICollectionViewWithDynamicsTests-Info.plist";
				PRODUCT_NAME = "$(TARGET_NAME)";
				TEST_HOST = "$(BUNDLE_LOADER)";
				WRAPPER_EXTENSION = xctest;
			};
			name = Release;
		};
/* End XCBuildConfiguration section */

/* Begin XCConfigurationList section */
		E90B5E13185B648200FAE086 /* Build configuration list for PBXProject "AICollectionViewWithDynamics" */ = {
			isa = XCConfigurationList;
			buildConfigurations = (
				E90B5E4B185B648300FAE086 /* Debug */,
				E90B5E4C185B648300FAE086 /* Release */,
			);
			defaultConfigurationIsVisible = 0;
			defaultConfigurationName = Release;
		};
		E90B5E4D185B648300FAE086 /* Build configuration list for PBXNativeTarget "AICollectionViewWithDynamics" */ = {
			isa = XCConfigurationList;
			buildConfigurations = (
				E90B5E4E185B648300FAE086 /* Debug */,
				E90B5E4F185B648300FAE086 /* Release */,
			);
			defaultConfigurationIsVisible = 0;
		};
		E90B5E50185B648300FAE086 /* Build configuration list for PBXNativeTarget "AICollectionViewWithDynamicsTests" */ = {
			isa = XCConfigurationList;
			buildConfigurations = (
				E90B5E51185B648300FAE086 /* Debug */,
				E90B5E52185B648300FAE086 /* Release */,
			);
			defaultConfigurationIsVisible = 0;
		};
/* End XCConfigurationList section */
	};
	rootObject = E90B5E10185B648200FAE086 /* Project object */;
}
